PODS:
  - JTAppleCalendar (7.1.8)
  - Realm (10.7.4):
    - Realm/Headers (= 10.7.4)
  - Realm/Headers (10.7.4)
  - RealmSwift (10.7.4):
    - Realm (= 10.7.4)
  - RxCocoa (5.1.1):
    - RxRelay (~> 5)
    - RxSwift (~> 5)
  - RxRelay (5.1.1):
    - RxSwift (~> 5)
  - RxSwift (5.1.2)
  - SideMenu (6.5.0)

DEPENDENCIES:
  - JTAppleCalendar (~> 7.1)
  - RealmSwift
  - RxCocoa (~> 5)
  - RxSwift (~> 5)
  - SideMenu (~> 6.0)

SPEC REPOS:
  trunk:
    - JTAppleCalendar
    - Realm
    - RealmSwift
    - RxCocoa
    - RxRelay
    - RxSwift
    - SideMenu

SPEC CHECKSUMS:
  JTAppleCalendar: b7fb40852f5f319fe55c8ec3861f1de0edc99cc8
  Realm: f08ce1a85649a41303ecfe1cbd914c62e9e6d710
  RealmSwift: 60ec49d165f23d040ab48811d8dd177e09baf4d3
  RxCocoa: 32065309a38d29b5b0db858819b5bf9ef038b601
  RxRelay: d77f7d771495f43c556cbc43eebd1bb54d01e8e9
  RxSwift: 1e2e1f9570186967f617e49128ed26ccf1bafc8e
  SideMenu: f583187d21c5b1dd04c72002be544b555a2627a2

PODFILE CHECKSUM: dd7c99a47b4286203ff13187ee32fedc8c49ac76

COCOAPODS: 1.10.1
